
Microsoft Visual Studio Solution File, Format Version 12.00
# Visual Studio Version 17
VisualStudioVersion = 17.2.32630.192
MinimumVisualStudioVersion = 10.0.40219.1
Project("{FAE04EC0-301F-11D3-BF4B-00C04F79EFBC}") = "WebApplication1", "WebApplication1\WebApplication1.csproj", "{500DF0A2-FAEE-4E5A-B888-7233EE112DA8}"
EndProject
Global
	GlobalSection(SolutionConfigurationPlatforms) = preSolution
		Debug|Any CPU = Debug|Any CPU
		Release|Any CPU = Release|Any CPU
	EndGlobalSection
	GlobalSection(ProjectConfigurationPlatforms) = postSolution
		{500DF0A2-FAEE-4E5A-B888-7233EE112DA8}.Debug|Any CPU.ActiveCfg = Debug|Any CPU
		{500DF0A2-FAEE-4E5A-B888-7233EE112DA8}.Debug|Any CPU.Build.0 = Debug|Any CPU
		{500DF0A2-FAEE-4E5A-B888-7233EE112DA8}.Release|Any CPU.ActiveCfg = Release|Any CPU
		{500DF0A2-FAEE-4E5A-B888-7233EE112DA8}.Release|Any CPU.Build.0 = Release|Any CPU
	EndGlobalSection
	GlobalSection(SolutionProperties) = preSolution
		HideSolutionNode = FALSE
	EndGlobalSection
	GlobalSection(ExtensibilityGlobals) = postSolution
		SolutionGuid = {83E29575-1130-4B53-AF36-3EDE831AE88D}
	EndGlobalSection
EndGlobal
